
Microsoft Visual Studio Solution File, Format Version 11.00
# Visual Studio 2010
Project("{FAE04EC0-301F-11D3-BF4B-00C04F79EFBC}") = "Unity.XR.Interaction.Toolkit", "Unity.XR.Interaction.Toolkit.csproj", "{F4C23104-FFC3-24BA-65FC-1C1D35893A6B}"
EndProject
Project("{FAE04EC0-301F-11D3-BF4B-00C04F79EFBC}") = "UnityEngine.UI", "UnityEngine.UI.csproj", "{79F8501F-DDD4-3D88-FAA0-C65C7DFA0008}"
EndProject
Project("{FAE04EC0-301F-11D3-BF4B-00C04F79EFBC}") = "Unity.RenderPipelines.Core.Runtime", "Unity.RenderPipelines.Core.Runtime.csproj", "{9C0B6370-3319-A4F5-233B-B1BD6A364F9A}"
EndProject
Project("{FAE04EC0-301F-11D3-BF4B-00C04F79EFBC}") = "UnityEngine.TestRunner", "UnityEngine.TestRunner.csproj", "{61078355-D8AE-39F7-ED46-F0C201991A95}"
EndProject
Project("{FAE04EC0-301F-11D3-BF4B-00C04F79EFBC}") = "Unity.Mathematics", "Unity.Mathematics.csproj", "{D6C7E4D1-00BD-CAB5-7DD3-83083BDA3719}"
EndProject
Project("{FAE04EC0-301F-11D3-BF4B-00C04F79EFBC}") = "Unity.InputSystem", "Unity.InputSystem.csproj", "{90E6C2B9-429D-E35B-1861-B8D365AD94A5}"
EndProject
Project("{FAE04EC0-301F-11D3-BF4B-00C04F79EFBC}") = "UnityEngine.UI.Tests", "UnityEngine.UI.Tests.csproj", "{B926DC4D-9DCF-F5E3-08FE-FB4113A8C0BE}"
EndProject
Project("{FAE04EC0-301F-11D3-BF4B-00C04F79EFBC}") = "Unity.RenderPipelines.Universal.Runtime", "Unity.RenderPipelines.Universal.Runtime.csproj", "{FA886856-ADD8-9A66-FFA1-6B8B845DE6CD}"
EndProject
Project("{FAE04EC0-301F-11D3-BF4B-00C04F79EFBC}") = "UnityEngine.XR.LegacyInputHelpers", "UnityEngine.XR.LegacyInputHelpers.csproj", "{31B8F0AB-E9CD-6BCC-FF50-A3DC6113C6AD}"
EndProject
Project("{FAE04EC0-301F-11D3-BF4B-00C04F79EFBC}") = "Unity.XR.Oculus", "Unity.XR.Oculus.csproj", "{1A58D4BC-5D5B-2492-D921-BC9DF012C9E0}"
EndProject
Project("{FAE04EC0-301F-11D3-BF4B-00C04F79EFBC}") = "Unity.TextMeshPro", "Unity.TextMeshPro.csproj", "{BF2FAB07-0987-CA35-C9FE-244BD8475A82}"
EndProject
Project("{FAE04EC0-301F-11D3-BF4B-00C04F79EFBC}") = "Unity.ProBuilder.Poly2Tri", "Unity.ProBuilder.Poly2Tri.csproj", "{65D7C4BF-EACB-DF6E-B6B4-345694985E35}"
EndProject
Project("{FAE04EC0-301F-11D3-BF4B-00C04F79EFBC}") = "Unity.RenderPipelines.Universal.Runtime.Tests", "Unity.RenderPipelines.Universal.Runtime.Tests.csproj", "{1879E618-5860-F591-57F3-1A704C6933F7}"
EndProject
Project("{FAE04EC0-301F-11D3-BF4B-00C04F79EFBC}") = "Unity.Timeline", "Unity.Timeline.csproj", "{5A1EB0B0-2205-1883-F4F4-6D9E25C33832}"
EndProject
Project("{FAE04EC0-301F-11D3-BF4B-00C04F79EFBC}") = "Unity.ProBuilder", "Unity.ProBuilder.csproj", "{570587BD-EFFC-860E-97E0-A9628E83F8AD}"
EndProject
Project("{FAE04EC0-301F-11D3-BF4B-00C04F79EFBC}") = "Assembly-CSharp", "Assembly-CSharp.csproj", "{2F1748C7-DC56-BD7F-DBB5-8E4585C341AD}"
EndProject
Project("{FAE04EC0-301F-11D3-BF4B-00C04F79EFBC}") = "Unity.RenderPipelines.Core.Runtime.Tests", "Unity.RenderPipelines.Core.Runtime.Tests.csproj", "{7A579B51-7304-C283-66AD-99194C72C11A}"
EndProject
Project("{FAE04EC0-301F-11D3-BF4B-00C04F79EFBC}") = "Unity.ProGrids", "Unity.ProGrids.csproj", "{B0994122-F08A-8CBC-5197-721E8CCD1712}"
EndProject
Project("{FAE04EC0-301F-11D3-BF4B-00C04F79EFBC}") = "Unity.ProBuilder.Csg", "Unity.ProBuilder.Csg.csproj", "{0DEC9AD5-08F8-1D44-8785-762F079FC20F}"
EndProject
Project("{FAE04EC0-301F-11D3-BF4B-00C04F79EFBC}") = "Unity.XR.Management.TestPackage", "Unity.XR.Management.TestPackage.csproj", "{76C7DFA4-6805-4D21-57C0-5BA16EB3673F}"
EndProject
Project("{FAE04EC0-301F-11D3-BF4B-00C04F79EFBC}") = "Unity.XR.Management", "Unity.XR.Management.csproj", "{54DC9E12-5C07-914B-6914-DECA4B5A0EF1}"
EndProject
Project("{FAE04EC0-301F-11D3-BF4B-00C04F79EFBC}") = "Unity.XR.Interaction.Toolkit.Tests", "Unity.XR.Interaction.Toolkit.Tests.csproj", "{FDD70735-EC82-7632-31A5-2A560C0BAFA5}"
EndProject
Project("{FAE04EC0-301F-11D3-BF4B-00C04F79EFBC}") = "Unity.InputSystem.IntegrationTests", "Unity.InputSystem.IntegrationTests.csproj", "{6555E9A3-9439-3FA4-E578-27F35E64D605}"
EndProject
Project("{FAE04EC0-301F-11D3-BF4B-00C04F79EFBC}") = "Unity.InputSystem.TestFramework", "Unity.InputSystem.TestFramework.csproj", "{C65D98D2-DDD1-D3EC-A888-5CC7659C4F74}"
EndProject
Project("{FAE04EC0-301F-11D3-BF4B-00C04F79EFBC}") = "Unity.XR.Management.Tests.Standalone", "Unity.XR.Management.Tests.Standalone.csproj", "{A8EAB518-6A95-C08E-29C1-5675EF759983}"
EndProject
Project("{FAE04EC0-301F-11D3-BF4B-00C04F79EFBC}") = "Unity.ProBuilder.KdTree", "Unity.ProBuilder.KdTree.csproj", "{ABA13BD2-A4A2-60CE-195B-08E288660990}"
EndProject
Project("{FAE04EC0-301F-11D3-BF4B-00C04F79EFBC}") = "UnityEngine.SpatialTracking.Tests", "UnityEngine.SpatialTracking.Tests.csproj", "{90A7F445-7575-E5C8-7EA5-AB558386B4FE}"
EndProject
Project("{FAE04EC0-301F-11D3-BF4B-00C04F79EFBC}") = "Unity.TextMeshPro.Tests", "Unity.TextMeshPro.Tests.csproj", "{291045D7-8A3A-FB56-3E11-9C31A960608D}"
EndProject
Project("{FAE04EC0-301F-11D3-BF4B-00C04F79EFBC}") = "Unity.RenderPipelines.Core.ShaderLibrary", "Unity.RenderPipelines.Core.ShaderLibrary.csproj", "{C4A6D8F2-519A-BFB4-7138-08A6DDC154AB}"
EndProject
Project("{FAE04EC0-301F-11D3-BF4B-00C04F79EFBC}") = "Unity.ProGrids.Runtime.Tests", "Unity.ProGrids.Runtime.Tests.csproj", "{6CDCA76A-9093-84ED-6087-5D7A39AFB68C}"
EndProject
Project("{FAE04EC0-301F-11D3-BF4B-00C04F79EFBC}") = "Unity.XR.Management.Tests", "Unity.XR.Management.Tests.csproj", "{156CB247-249B-A693-5FD6-E35D575D0E24}"
EndProject
Project("{FAE04EC0-301F-11D3-BF4B-00C04F79EFBC}") = "UnityEngine.SpatialTracking", "UnityEngine.SpatialTracking.csproj", "{AD3B8D1A-3931-C0CC-5409-8B8F6EC9C9D0}"
EndProject
Project("{FAE04EC0-301F-11D3-BF4B-00C04F79EFBC}") = "Unity.RenderPipeline.Universal.ShaderLibrary", "Unity.RenderPipeline.Universal.ShaderLibrary.csproj", "{0BBE593D-9821-CDDA-F61E-C28227BD31A9}"
EndProject
Project("{FAE04EC0-301F-11D3-BF4B-00C04F79EFBC}") = "Unity.ProBuilder.Stl", "Unity.ProBuilder.Stl.csproj", "{FC772595-8B27-672D-B7F9-4521DED57244}"
EndProject
Project("{FAE04EC0-301F-11D3-BF4B-00C04F79EFBC}") = "Unity.Subsystem.Registration.Runtime.Tests", "Unity.Subsystem.Registration.Runtime.Tests.csproj", "{AE4DC04A-2383-032D-79E1-85D16D3A64C5}"
EndProject
Project("{FAE04EC0-301F-11D3-BF4B-00C04F79EFBC}") = "Unity.Subsystem.Registration", "Unity.Subsystem.Registration.csproj", "{20E1DB70-8721-279E-856B-4B7D82556755}"
EndProject
Project("{FAE04EC0-301F-11D3-BF4B-00C04F79EFBC}") = "Unity.RenderPipelines.Universal.Shaders", "Unity.RenderPipelines.Universal.Shaders.csproj", "{657DD480-0E7D-0E4A-46BF-4FF332E462F7}"
EndProject
Project("{FAE04EC0-301F-11D3-BF4B-00C04F79EFBC}") = "Unity.RenderPipelines.ShaderGraph.ShaderGraphLibrary", "Unity.RenderPipelines.ShaderGraph.ShaderGraphLibrary.csproj", "{93C6FE94-1066-02C4-F469-2675C5F36A33}"
EndProject
Project("{FAE04EC0-301F-11D3-BF4B-00C04F79EFBC}") = "Unity.PlasticSCM.Editor", "Unity.PlasticSCM.Editor.csproj", "{024868FF-4B43-5A26-9CFC-A2B5C83DC04E}"
EndProject
Project("{FAE04EC0-301F-11D3-BF4B-00C04F79EFBC}") = "Unity.ShaderGraph.Editor", "Unity.ShaderGraph.Editor.csproj", "{B705FAB8-F393-2F46-94B2-635202951E95}"
EndProject
Project("{FAE04EC0-301F-11D3-BF4B-00C04F79EFBC}") = "Unity.VisualStudio.Editor", "Unity.VisualStudio.Editor.csproj", "{C835D7F3-D8B3-1074-9772-F459DACA0A6E}"
EndProject
Project("{FAE04EC0-301F-11D3-BF4B-00C04F79EFBC}") = "Unity.ProBuilder.Editor", "Unity.ProBuilder.Editor.csproj", "{5EF0ED37-3294-6DF8-032E-7F377277A782}"
EndProject
Project("{FAE04EC0-301F-11D3-BF4B-00C04F79EFBC}") = "Unity.Timeline.Editor", "Unity.Timeline.Editor.csproj", "{DD3679B9-B19F-17D7-3C70-5A61D39A342E}"
EndProject
Project("{FAE04EC0-301F-11D3-BF4B-00C04F79EFBC}") = "Unity.XR.Interaction.Toolkit.Editor", "Unity.XR.Interaction.Toolkit.Editor.csproj", "{9E36A0AC-AE22-3AE5-E929-374A4E5CCC7D}"
EndProject
Project("{FAE04EC0-301F-11D3-BF4B-00C04F79EFBC}") = "Unity.TextMeshPro.Editor", "Unity.TextMeshPro.Editor.csproj", "{293B2FB3-3E8B-B7CE-CBF4-F9A26CB162C1}"
EndProject
Project("{FAE04EC0-301F-11D3-BF4B-00C04F79EFBC}") = "Unity.CollabProxy.Editor", "Unity.CollabProxy.Editor.csproj", "{27FD2673-5017-CB7E-76A6-FD9F96E3935B}"
EndProject
Project("{FAE04EC0-301F-11D3-BF4B-00C04F79EFBC}") = "DocCodeExamples", "DocCodeExamples.csproj", "{F8CD8503-3F23-BF7B-99AB-6F38DC4649AF}"
EndProject
Project("{FAE04EC0-301F-11D3-BF4B-00C04F79EFBC}") = "UnityEditor.TestRunner", "UnityEditor.TestRunner.csproj", "{67DF9ED2-D129-E442-D9A4-EF94BF989AF6}"
EndProject
Project("{FAE04EC0-301F-11D3-BF4B-00C04F79EFBC}") = "Unity.Rider.Editor", "Unity.Rider.Editor.csproj", "{11D97BF3-D618-C096-A8C2-1EAE4DAC96CC}"
EndProject
Project("{FAE04EC0-301F-11D3-BF4B-00C04F79EFBC}") = "Unity.RenderPipelines.Universal.Editor", "Unity.RenderPipelines.Universal.Editor.csproj", "{63E7BC18-FC63-F81F-921B-B82D05463384}"
EndProject
Project("{FAE04EC0-301F-11D3-BF4B-00C04F79EFBC}") = "Unity.ShaderGraph.Editor.Tests", "Unity.ShaderGraph.Editor.Tests.csproj", "{EFE53612-BE89-4C08-7F3A-8B532F8C302F}"
EndProject
Project("{FAE04EC0-301F-11D3-BF4B-00C04F79EFBC}") = "Unity.PlasticSCM.EditorTests", "Unity.PlasticSCM.EditorTests.csproj", "{9720A284-7CE6-31D0-1938-53DA70335A7D}"
EndProject
Project("{FAE04EC0-301F-11D3-BF4B-00C04F79EFBC}") = "Unity.ProGrids.Editor", "Unity.ProGrids.Editor.csproj", "{3A532397-6DDF-1AB9-6DFD-88861533B655}"
EndProject
Project("{FAE04EC0-301F-11D3-BF4B-00C04F79EFBC}") = "Unity.RenderPipelines.Core.Editor", "Unity.RenderPipelines.Core.Editor.csproj", "{E983BF2A-CE63-79B8-FC0E-8B0680E887A2}"
EndProject
Project("{FAE04EC0-301F-11D3-BF4B-00C04F79EFBC}") = "Unity.Mathematics.Tests", "Unity.Mathematics.Tests.csproj", "{5A829AFE-AF54-F3CC-BFDE-102B10CE5ED8}"
EndProject
Project("{FAE04EC0-301F-11D3-BF4B-00C04F79EFBC}") = "Unity.XR.Management.Samples", "Unity.XR.Management.Samples.csproj", "{BC02EB5B-5D65-DD03-D1D6-C7D044AED9BB}"
EndProject
Project("{FAE04EC0-301F-11D3-BF4B-00C04F79EFBC}") = "Unity.Searcher.Editor", "Unity.Searcher.Editor.csproj", "{17A29578-2635-980A-A9EC-BD0C73802E06}"
EndProject
Project("{FAE04EC0-301F-11D3-BF4B-00C04F79EFBC}") = "Unity.CollabProxy.EditorTests", "Unity.CollabProxy.EditorTests.csproj", "{4EAEFF76-68C5-29D6-29AD-DCE10A64B158}"
EndProject
Project("{FAE04EC0-301F-11D3-BF4B-00C04F79EFBC}") = "Unity.XR.TestSupport", "Unity.XR.TestSupport.csproj", "{F21B0B58-AD92-43EA-95E2-9639A1A1E199}"
EndProject
Project("{FAE04EC0-301F-11D3-BF4B-00C04F79EFBC}") = "Unity.XR.Management.Editor", "Unity.XR.Management.Editor.csproj", "{D3954981-D2EF-1BD2-2F52-EC847D9BC3C7}"
EndProject
Project("{FAE04EC0-301F-11D3-BF4B-00C04F79EFBC}") = "Unity.VSCode.Editor", "Unity.VSCode.Editor.csproj", "{0BC954D4-1320-C133-0606-045CB58C659B}"
EndProject
Project("{FAE04EC0-301F-11D3-BF4B-00C04F79EFBC}") = "UnityEditor.UI.EditorTests", "UnityEditor.UI.EditorTests.csproj", "{294C5862-07D0-1390-2CF5-D3C2E7293786}"
EndProject
Project("{FAE04EC0-301F-11D3-BF4B-00C04F79EFBC}") = "Unity.ProBuilder.AssetIdRemapUtility", "Unity.ProBuilder.AssetIdRemapUtility.csproj", "{49AB4118-8EF7-196F-D6AA-193B1496BFF4}"
EndProject
Project("{FAE04EC0-301F-11D3-BF4B-00C04F79EFBC}") = "UnityEditor.UI", "UnityEditor.UI.csproj", "{7ABD3917-C95E-62AE-9ED9-74D0C19DFA0B}"
EndProject
Project("{FAE04EC0-301F-11D3-BF4B-00C04F79EFBC}") = "Unity.Settings.Editor", "Unity.Settings.Editor.csproj", "{73AF4B14-979A-D28A-2C47-A6C5F92FA17F}"
EndProject
Project("{FAE04EC0-301F-11D3-BF4B-00C04F79EFBC}") = "UnityEditor.SpatialTracking", "UnityEditor.SpatialTracking.csproj", "{6697C465-EEBB-FB2A-CFA9-16D7009A5A68}"
EndProject
Project("{FAE04EC0-301F-11D3-BF4B-00C04F79EFBC}") = "Unity.XR.Management.TestPackage.Editor", "Unity.XR.Management.TestPackage.Editor.csproj", "{F10C4CF2-BA70-5E35-0A4C-6AE7E0EC53BC}"
EndProject
Project("{FAE04EC0-301F-11D3-BF4B-00C04F79EFBC}") = "Unity.ProGrids.Editor.Tests", "Unity.ProGrids.Editor.Tests.csproj", "{3C725C1D-0E78-C407-3C79-32AA8EAF4016}"
EndProject
Project("{FAE04EC0-301F-11D3-BF4B-00C04F79EFBC}") = "Unity.Mathematics.Editor", "Unity.Mathematics.Editor.csproj", "{CBE3D353-A2F1-01C5-6962-7903E2898734}"
EndProject
Project("{FAE04EC0-301F-11D3-BF4B-00C04F79EFBC}") = "Unity.XR.Management.EditorTests", "Unity.XR.Management.EditorTests.csproj", "{46B48612-3223-285B-FF67-843AA273E734}"
EndProject
Project("{FAE04EC0-301F-11D3-BF4B-00C04F79EFBC}") = "UnityEditor.XR.LegacyInputHelpers", "UnityEditor.XR.LegacyInputHelpers.csproj", "{5DCBF3EC-DBD6-3FEB-8D27-C22B90B523C0}"
EndProject
Project("{FAE04EC0-301F-11D3-BF4B-00C04F79EFBC}") = "Unity.XR.Oculus.Editor", "Unity.XR.Oculus.Editor.csproj", "{E503875D-394F-9551-25AD-42D2B530F04A}"
EndProject
Project("{FAE04EC0-301F-11D3-BF4B-00C04F79EFBC}") = "Unity.RenderPipelines.Core.Editor.Tests", "Unity.RenderPipelines.Core.Editor.Tests.csproj", "{9365269C-FB46-73CC-BC42-9B0FFD9766EB}"
EndProject
Project("{FAE04EC0-301F-11D3-BF4B-00C04F79EFBC}") = "Unity.Searcher.EditorTests", "Unity.Searcher.EditorTests.csproj", "{1093CBDF-AC6D-7FC2-13F8-1F1637DA4A92}"
EndProject
Project("{FAE04EC0-301F-11D3-BF4B-00C04F79EFBC}") = "Unity.XR.Management.Samples.Editor", "Unity.XR.Management.Samples.Editor.csproj", "{AE554C53-5FF4-9F8F-8D76-EBA503174421}"
EndProject
Project("{FAE04EC0-301F-11D3-BF4B-00C04F79EFBC}") = "Unity.Settings.Tests", "Unity.Settings.Tests.csproj", "{6E5FADBD-1568-0C3C-2F8E-D778EEDB7B34}"
EndProject
Project("{FAE04EC0-301F-11D3-BF4B-00C04F79EFBC}") = "Unity.ShaderGraph.Utilities", "Unity.ShaderGraph.Utilities.csproj", "{63C563AD-E0CE-C576-F30B-453C5A2E0C57}"
EndProject
Project("{FAE04EC0-301F-11D3-BF4B-00C04F79EFBC}") = "UnityEditor.XR.LegacyInputHelpers.Tests", "UnityEditor.XR.LegacyInputHelpers.Tests.csproj", "{005E57EC-77EE-966F-5CFC-142A4F737F16}"
EndProject
Project("{FAE04EC0-301F-11D3-BF4B-00C04F79EFBC}") = "Unity.ProBuilder.AddOns.Editor", "Unity.ProBuilder.AddOns.Editor.csproj", "{48BBD7D4-CE56-55E2-22D9-84927167B814}"
EndProject
Project("{FAE04EC0-301F-11D3-BF4B-00C04F79EFBC}") = "Unity.RenderPipelines.Universal.Editor.Tests", "Unity.RenderPipelines.Universal.Editor.Tests.csproj", "{D6DBB4D2-A8C1-DF67-C756-562930D5D65E}"
EndProject
Project("{FAE04EC0-301F-11D3-BF4B-00C04F79EFBC}") = "Unity.TextMeshPro.Editor.Tests", "Unity.TextMeshPro.Editor.Tests.csproj", "{6820E35A-97BC-81C3-1850-96B3E32F8C99}"
EndProject
Global
	GlobalSection(SolutionConfigurationPlatforms) = preSolution
		Debug|Any CPU = Debug|Any CPU
		Release|Any CPU = Release|Any CPU
	EndGlobalSection
	GlobalSection(ProjectConfigurationPlatforms) = postSolution
		{F4C23104-FFC3-24BA-65FC-1C1D35893A6B}.Debug|Any CPU.ActiveCfg = Debug|Any CPU
		{F4C23104-FFC3-24BA-65FC-1C1D35893A6B}.Debug|Any CPU.Build.0 = Debug|Any CPU
		{F4C23104-FFC3-24BA-65FC-1C1D35893A6B}.Release|Any CPU.ActiveCfg = Release|Any CPU
		{F4C23104-FFC3-24BA-65FC-1C1D35893A6B}.Release|Any CPU.Build.0 = Release|Any CPU
		{79F8501F-DDD4-3D88-FAA0-C65C7DFA0008}.Debug|Any CPU.ActiveCfg = Debug|Any CPU
		{79F8501F-DDD4-3D88-FAA0-C65C7DFA0008}.Debug|Any CPU.Build.0 = Debug|Any CPU
		{79F8501F-DDD4-3D88-FAA0-C65C7DFA0008}.Release|Any CPU.ActiveCfg = Release|Any CPU
		{79F8501F-DDD4-3D88-FAA0-C65C7DFA0008}.Release|Any CPU.Build.0 = Release|Any CPU
		{9C0B6370-3319-A4F5-233B-B1BD6A364F9A}.Debug|Any CPU.ActiveCfg = Debug|Any CPU
		{9C0B6370-3319-A4F5-233B-B1BD6A364F9A}.Debug|Any CPU.Build.0 = Debug|Any CPU
		{9C0B6370-3319-A4F5-233B-B1BD6A364F9A}.Release|Any CPU.ActiveCfg = Release|Any CPU
		{9C0B6370-3319-A4F5-233B-B1BD6A364F9A}.Release|Any CPU.Build.0 = Release|Any CPU
		{61078355-D8AE-39F7-ED46-F0C201991A95}.Debug|Any CPU.ActiveCfg = Debug|Any CPU
		{61078355-D8AE-39F7-ED46-F0C201991A95}.Debug|Any CPU.Build.0 = Debug|Any CPU
		{61078355-D8AE-39F7-ED46-F0C201991A95}.Release|Any CPU.ActiveCfg = Release|Any CPU
		{61078355-D8AE-39F7-ED46-F0C201991A95}.Release|Any CPU.Build.0 = Release|Any CPU
		{D6C7E4D1-00BD-CAB5-7DD3-83083BDA3719}.Debug|Any CPU.ActiveCfg = Debug|Any CPU
		{D6C7E4D1-00BD-CAB5-7DD3-83083BDA3719}.Debug|Any CPU.Build.0 = Debug|Any CPU
		{D6C7E4D1-00BD-CAB5-7DD3-83083BDA3719}.Release|Any CPU.ActiveCfg = Release|Any CPU
		{D6C7E4D1-00BD-CAB5-7DD3-83083BDA3719}.Release|Any CPU.Build.0 = Release|Any CPU
		{90E6C2B9-429D-E35B-1861-B8D365AD94A5}.Debug|Any CPU.ActiveCfg = Debug|Any CPU
		{90E6C2B9-429D-E35B-1861-B8D365AD94A5}.Debug|Any CPU.Build.0 = Debug|Any CPU
		{90E6C2B9-429D-E35B-1861-B8D365AD94A5}.Release|Any CPU.ActiveCfg = Release|Any CPU
		{90E6C2B9-429D-E35B-1861-B8D365AD94A5}.Release|Any CPU.Build.0 = Release|Any CPU
		{B926DC4D-9DCF-F5E3-08FE-FB4113A8C0BE}.Debug|Any CPU.ActiveCfg = Debug|Any CPU
		{B926DC4D-9DCF-F5E3-08FE-FB4113A8C0BE}.Debug|Any CPU.Build.0 = Debug|Any CPU
		{B926DC4D-9DCF-F5E3-08FE-FB4113A8C0BE}.Release|Any CPU.ActiveCfg = Release|Any CPU
		{B926DC4D-9DCF-F5E3-08FE-FB4113A8C0BE}.Release|Any CPU.Build.0 = Release|Any CPU
		{FA886856-ADD8-9A66-FFA1-6B8B845DE6CD}.Debug|Any CPU.ActiveCfg = Debug|Any CPU
		{FA886856-ADD8-9A66-FFA1-6B8B845DE6CD}.Debug|Any CPU.Build.0 = Debug|Any CPU
		{FA886856-ADD8-9A66-FFA1-6B8B845DE6CD}.Release|Any CPU.ActiveCfg = Release|Any CPU
		{FA886856-ADD8-9A66-FFA1-6B8B845DE6CD}.Release|Any CPU.Build.0 = Release|Any CPU
		{31B8F0AB-E9CD-6BCC-FF50-A3DC6113C6AD}.Debug|Any CPU.ActiveCfg = Debug|Any CPU
		{31B8F0AB-E9CD-6BCC-FF50-A3DC6113C6AD}.Debug|Any CPU.Build.0 = Debug|Any CPU
		{31B8F0AB-E9CD-6BCC-FF50-A3DC6113C6AD}.Release|Any CPU.ActiveCfg = Release|Any CPU
		{31B8F0AB-E9CD-6BCC-FF50-A3DC6113C6AD}.Release|Any CPU.Build.0 = Release|Any CPU
		{1A58D4BC-5D5B-2492-D921-BC9DF012C9E0}.Debug|Any CPU.ActiveCfg = Debug|Any CPU
		{1A58D4BC-5D5B-2492-D921-BC9DF012C9E0}.Debug|Any CPU.Build.0 = Debug|Any CPU
		{1A58D4BC-5D5B-2492-D921-BC9DF012C9E0}.Release|Any CPU.ActiveCfg = Release|Any CPU
		{1A58D4BC-5D5B-2492-D921-BC9DF012C9E0}.Release|Any CPU.Build.0 = Release|Any CPU
		{BF2FAB07-0987-CA35-C9FE-244BD8475A82}.Debug|Any CPU.ActiveCfg = Debug|Any CPU
		{BF2FAB07-0987-CA35-C9FE-244BD8475A82}.Debug|Any CPU.Build.0 = Debug|Any CPU
		{BF2FAB07-0987-CA35-C9FE-244BD8475A82}.Release|Any CPU.ActiveCfg = Release|Any CPU
		{BF2FAB07-0987-CA35-C9FE-244BD8475A82}.Release|Any CPU.Build.0 = Release|Any CPU
		{65D7C4BF-EACB-DF6E-B6B4-345694985E35}.Debug|Any CPU.ActiveCfg = Debug|Any CPU
		{65D7C4BF-EACB-DF6E-B6B4-345694985E35}.Debug|Any CPU.Build.0 = Debug|Any CPU
		{65D7C4BF-EACB-DF6E-B6B4-345694985E35}.Release|Any CPU.ActiveCfg = Release|Any CPU
		{65D7C4BF-EACB-DF6E-B6B4-345694985E35}.Release|Any CPU.Build.0 = Release|Any CPU
		{1879E618-5860-F591-57F3-1A704C6933F7}.Debug|Any CPU.ActiveCfg = Debug|Any CPU
		{1879E618-5860-F591-57F3-1A704C6933F7}.Debug|Any CPU.Build.0 = Debug|Any CPU
		{1879E618-5860-F591-57F3-1A704C6933F7}.Release|Any CPU.ActiveCfg = Release|Any CPU
		{1879E618-5860-F591-57F3-1A704C6933F7}.Release|Any CPU.Build.0 = Release|Any CPU
		{5A1EB0B0-2205-1883-F4F4-6D9E25C33832}.Debug|Any CPU.ActiveCfg = Debug|Any CPU
		{5A1EB0B0-2205-1883-F4F4-6D9E25C33832}.Debug|Any CPU.Build.0 = Debug|Any CPU
		{5A1EB0B0-2205-1883-F4F4-6D9E25C33832}.Release|Any CPU.ActiveCfg = Release|Any CPU
		{5A1EB0B0-2205-1883-F4F4-6D9E25C33832}.Release|Any CPU.Build.0 = Release|Any CPU
		{570587BD-EFFC-860E-97E0-A9628E83F8AD}.Debug|Any CPU.ActiveCfg = Debug|Any CPU
		{570587BD-EFFC-860E-97E0-A9628E83F8AD}.Debug|Any CPU.Build.0 = Debug|Any CPU
		{570587BD-EFFC-860E-97E0-A9628E83F8AD}.Release|Any CPU.ActiveCfg = Release|Any CPU
		{570587BD-EFFC-860E-97E0-A9628E83F8AD}.Release|Any CPU.Build.0 = Release|Any CPU
		{2F1748C7-DC56-BD7F-DBB5-8E4585C341AD}.Debug|Any CPU.ActiveCfg = Debug|Any CPU
		{2F1748C7-DC56-BD7F-DBB5-8E4585C341AD}.Debug|Any CPU.Build.0 = Debug|Any CPU
		{2F1748C7-DC56-BD7F-DBB5-8E4585C341AD}.Release|Any CPU.ActiveCfg = Release|Any CPU
		{2F1748C7-DC56-BD7F-DBB5-8E4585C341AD}.Release|Any CPU.Build.0 = Release|Any CPU
		{7A579B51-7304-C283-66AD-99194C72C11A}.Debug|Any CPU.ActiveCfg = Debug|Any CPU
		{7A579B51-7304-C283-66AD-99194C72C11A}.Debug|Any CPU.Build.0 = Debug|Any CPU
		{7A579B51-7304-C283-66AD-99194C72C11A}.Release|Any CPU.ActiveCfg = Release|Any CPU
		{7A579B51-7304-C283-66AD-99194C72C11A}.Release|Any CPU.Build.0 = Release|Any CPU
		{B0994122-F08A-8CBC-5197-721E8CCD1712}.Debug|Any CPU.ActiveCfg = Debug|Any CPU
		{B0994122-F08A-8CBC-5197-721E8CCD1712}.Debug|Any CPU.Build.0 = Debug|Any CPU
		{B0994122-F08A-8CBC-5197-721E8CCD1712}.Release|Any CPU.ActiveCfg = Release|Any CPU
		{B0994122-F08A-8CBC-5197-721E8CCD1712}.Release|Any CPU.Build.0 = Release|Any CPU
		{0DEC9AD5-08F8-1D44-8785-762F079FC20F}.Debug|Any CPU.ActiveCfg = Debug|Any CPU
		{0DEC9AD5-08F8-1D44-8785-762F079FC20F}.Debug|Any CPU.Build.0 = Debug|Any CPU
		{0DEC9AD5-08F8-1D44-8785-762F079FC20F}.Release|Any CPU.ActiveCfg = Release|Any CPU
		{0DEC9AD5-08F8-1D44-8785-762F079FC20F}.Release|Any CPU.Build.0 = Release|Any CPU
		{76C7DFA4-6805-4D21-57C0-5BA16EB3673F}.Debug|Any CPU.ActiveCfg = Debug|Any CPU
		{76C7DFA4-6805-4D21-57C0-5BA16EB3673F}.Debug|Any CPU.Build.0 = Debug|Any CPU
		{76C7DFA4-6805-4D21-57C0-5BA16EB3673F}.Release|Any CPU.ActiveCfg = Release|Any CPU
		{76C7DFA4-6805-4D21-57C0-5BA16EB3673F}.Release|Any CPU.Build.0 = Release|Any CPU
		{54DC9E12-5C07-914B-6914-DECA4B5A0EF1}.Debug|Any CPU.ActiveCfg = Debug|Any CPU
		{54DC9E12-5C07-914B-6914-DECA4B5A0EF1}.Debug|Any CPU.Build.0 = Debug|Any CPU
		{54DC9E12-5C07-914B-6914-DECA4B5A0EF1}.Release|Any CPU.ActiveCfg = Release|Any CPU
		{54DC9E12-5C07-914B-6914-DECA4B5A0EF1}.Release|Any CPU.Build.0 = Release|Any CPU
		{FDD70735-EC82-7632-31A5-2A560C0BAFA5}.Debug|Any CPU.ActiveCfg = Debug|Any CPU
		{FDD70735-EC82-7632-31A5-2A560C0BAFA5}.Debug|Any CPU.Build.0 = Debug|Any CPU
		{FDD70735-EC82-7632-31A5-2A560C0BAFA5}.Release|Any CPU.ActiveCfg = Release|Any CPU
		{FDD70735-EC82-7632-31A5-2A560C0BAFA5}.Release|Any CPU.Build.0 = Release|Any CPU
		{6555E9A3-9439-3FA4-E578-27F35E64D605}.Debug|Any CPU.ActiveCfg = Debug|Any CPU
		{6555E9A3-9439-3FA4-E578-27F35E64D605}.Debug|Any CPU.Build.0 = Debug|Any CPU
		{6555E9A3-9439-3FA4-E578-27F35E64D605}.Release|Any CPU.ActiveCfg = Release|Any CPU
		{6555E9A3-9439-3FA4-E578-27F35E64D605}.Release|Any CPU.Build.0 = Release|Any CPU
		{C65D98D2-DDD1-D3EC-A888-5CC7659C4F74}.Debug|Any CPU.ActiveCfg = Debug|Any CPU
		{C65D98D2-DDD1-D3EC-A888-5CC7659C4F74}.Debug|Any CPU.Build.0 = Debug|Any CPU
		{C65D98D2-DDD1-D3EC-A888-5CC7659C4F74}.Release|Any CPU.ActiveCfg = Release|Any CPU
		{C65D98D2-DDD1-D3EC-A888-5CC7659C4F74}.Release|Any CPU.Build.0 = Release|Any CPU
		{A8EAB518-6A95-C08E-29C1-5675EF759983}.Debug|Any CPU.ActiveCfg = Debug|Any CPU
		{A8EAB518-6A95-C08E-29C1-5675EF759983}.Debug|Any CPU.Build.0 = Debug|Any CPU
		{A8EAB518-6A95-C08E-29C1-5675EF759983}.Release|Any CPU.ActiveCfg = Release|Any CPU
		{A8EAB518-6A95-C08E-29C1-5675EF759983}.Release|Any CPU.Build.0 = Release|Any CPU
		{ABA13BD2-A4A2-60CE-195B-08E288660990}.Debug|Any CPU.ActiveCfg = Debug|Any CPU
		{ABA13BD2-A4A2-60CE-195B-08E288660990}.Debug|Any CPU.Build.0 = Debug|Any CPU
		{ABA13BD2-A4A2-60CE-195B-08E288660990}.Release|Any CPU.ActiveCfg = Release|Any CPU
		{ABA13BD2-A4A2-60CE-195B-08E288660990}.Release|Any CPU.Build.0 = Release|Any CPU
		{90A7F445-7575-E5C8-7EA5-AB558386B4FE}.Debug|Any CPU.ActiveCfg = Debug|Any CPU
		{90A7F445-7575-E5C8-7EA5-AB558386B4FE}.Debug|Any CPU.Build.0 = Debug|Any CPU
		{90A7F445-7575-E5C8-7EA5-AB558386B4FE}.Release|Any CPU.ActiveCfg = Release|Any CPU
		{90A7F445-7575-E5C8-7EA5-AB558386B4FE}.Release|Any CPU.Build.0 = Release|Any CPU
		{291045D7-8A3A-FB56-3E11-9C31A960608D}.Debug|Any CPU.ActiveCfg = Debug|Any CPU
		{291045D7-8A3A-FB56-3E11-9C31A960608D}.Debug|Any CPU.Build.0 = Debug|Any CPU
		{291045D7-8A3A-FB56-3E11-9C31A960608D}.Release|Any CPU.ActiveCfg = Release|Any CPU
		{291045D7-8A3A-FB56-3E11-9C31A960608D}.Release|Any CPU.Build.0 = Release|Any CPU
		{C4A6D8F2-519A-BFB4-7138-08A6DDC154AB}.Debug|Any CPU.ActiveCfg = Debug|Any CPU
		{C4A6D8F2-519A-BFB4-7138-08A6DDC154AB}.Debug|Any CPU.Build.0 = Debug|Any CPU
		{C4A6D8F2-519A-BFB4-7138-08A6DDC154AB}.Release|Any CPU.ActiveCfg = Release|Any CPU
		{C4A6D8F2-519A-BFB4-7138-08A6DDC154AB}.Release|Any CPU.Build.0 = Release|Any CPU
		{6CDCA76A-9093-84ED-6087-5D7A39AFB68C}.Debug|Any CPU.ActiveCfg = Debug|Any CPU
		{6CDCA76A-9093-84ED-6087-5D7A39AFB68C}.Debug|Any CPU.Build.0 = Debug|Any CPU
		{6CDCA76A-9093-84ED-6087-5D7A39AFB68C}.Release|Any CPU.ActiveCfg = Release|Any CPU
		{6CDCA76A-9093-84ED-6087-5D7A39AFB68C}.Release|Any CPU.Build.0 = Release|Any CPU
		{156CB247-249B-A693-5FD6-E35D575D0E24}.Debug|Any CPU.ActiveCfg = Debug|Any CPU
		{156CB247-249B-A693-5FD6-E35D575D0E24}.Debug|Any CPU.Build.0 = Debug|Any CPU
		{156CB247-249B-A693-5FD6-E35D575D0E24}.Release|Any CPU.ActiveCfg = Release|Any CPU
		{156CB247-249B-A693-5FD6-E35D575D0E24}.Release|Any CPU.Build.0 = Release|Any CPU
		{AD3B8D1A-3931-C0CC-5409-8B8F6EC9C9D0}.Debug|Any CPU.ActiveCfg = Debug|Any CPU
		{AD3B8D1A-3931-C0CC-5409-8B8F6EC9C9D0}.Debug|Any CPU.Build.0 = Debug|Any CPU
		{AD3B8D1A-3931-C0CC-5409-8B8F6EC9C9D0}.Release|Any CPU.ActiveCfg = Release|Any CPU
		{AD3B8D1A-3931-C0CC-5409-8B8F6EC9C9D0}.Release|Any CPU.Build.0 = Release|Any CPU
		{0BBE593D-9821-CDDA-F61E-C28227BD31A9}.Debug|Any CPU.ActiveCfg = Debug|Any CPU
		{0BBE593D-9821-CDDA-F61E-C28227BD31A9}.Debug|Any CPU.Build.0 = Debug|Any CPU
		{0BBE593D-9821-CDDA-F61E-C28227BD31A9}.Release|Any CPU.ActiveCfg = Release|Any CPU
		{0BBE593D-9821-CDDA-F61E-C28227BD31A9}.Release|Any CPU.Build.0 = Release|Any CPU
		{FC772595-8B27-672D-B7F9-4521DED57244}.Debug|Any CPU.ActiveCfg = Debug|Any CPU
		{FC772595-8B27-672D-B7F9-4521DED57244}.Debug|Any CPU.Build.0 = Debug|Any CPU
		{FC772595-8B27-672D-B7F9-4521DED57244}.Release|Any CPU.ActiveCfg = Release|Any CPU
		{FC772595-8B27-672D-B7F9-4521DED57244}.Release|Any CPU.Build.0 = Release|Any CPU
		{AE4DC04A-2383-032D-79E1-85D16D3A64C5}.Debug|Any CPU.ActiveCfg = Debug|Any CPU
		{AE4DC04A-2383-032D-79E1-85D16D3A64C5}.Debug|Any CPU.Build.0 = Debug|Any CPU
		{AE4DC04A-2383-032D-79E1-85D16D3A64C5}.Release|Any CPU.ActiveCfg = Release|Any CPU
		{AE4DC04A-2383-032D-79E1-85D16D3A64C5}.Release|Any CPU.Build.0 = Release|Any CPU
		{20E1DB70-8721-279E-856B-4B7D82556755}.Debug|Any CPU.ActiveCfg = Debug|Any CPU
		{20E1DB70-8721-279E-856B-4B7D82556755}.Debug|Any CPU.Build.0 = Debug|Any CPU
		{20E1DB70-8721-279E-856B-4B7D82556755}.Release|Any CPU.ActiveCfg = Release|Any CPU
		{20E1DB70-8721-279E-856B-4B7D82556755}.Release|Any CPU.Build.0 = Release|Any CPU
		{657DD480-0E7D-0E4A-46BF-4FF332E462F7}.Debug|Any CPU.ActiveCfg = Debug|Any CPU
		{657DD480-0E7D-0E4A-46BF-4FF332E462F7}.Debug|Any CPU.Build.0 = Debug|Any CPU
		{657DD480-0E7D-0E4A-46BF-4FF332E462F7}.Release|Any CPU.ActiveCfg = Release|Any CPU
		{657DD480-0E7D-0E4A-46BF-4FF332E462F7}.Release|Any CPU.Build.0 = Release|Any CPU
		{93C6FE94-1066-02C4-F469-2675C5F36A33}.Debug|Any CPU.ActiveCfg = Debug|Any CPU
		{93C6FE94-1066-02C4-F469-2675C5F36A33}.Debug|Any CPU.Build.0 = Debug|Any CPU
		{93C6FE94-1066-02C4-F469-2675C5F36A33}.Release|Any CPU.ActiveCfg = Release|Any CPU
		{93C6FE94-1066-02C4-F469-2675C5F36A33}.Release|Any CPU.Build.0 = Release|Any CPU
		{024868FF-4B43-5A26-9CFC-A2B5C83DC04E}.Debug|Any CPU.ActiveCfg = Debug|Any CPU
		{024868FF-4B43-5A26-9CFC-A2B5C83DC04E}.Debug|Any CPU.Build.0 = Debug|Any CPU
		{024868FF-4B43-5A26-9CFC-A2B5C83DC04E}.Release|Any CPU.ActiveCfg = Release|Any CPU
		{024868FF-4B43-5A26-9CFC-A2B5C83DC04E}.Release|Any CPU.Build.0 = Release|Any CPU
		{B705FAB8-F393-2F46-94B2-635202951E95}.Debug|Any CPU.ActiveCfg = Debug|Any CPU
		{B705FAB8-F393-2F46-94B2-635202951E95}.Debug|Any CPU.Build.0 = Debug|Any CPU
		{B705FAB8-F393-2F46-94B2-635202951E95}.Release|Any CPU.ActiveCfg = Release|Any CPU
		{B705FAB8-F393-2F46-94B2-635202951E95}.Release|Any CPU.Build.0 = Release|Any CPU
		{C835D7F3-D8B3-1074-9772-F459DACA0A6E}.Debug|Any CPU.ActiveCfg = Debug|Any CPU
		{C835D7F3-D8B3-1074-9772-F459DACA0A6E}.Debug|Any CPU.Build.0 = Debug|Any CPU
		{C835D7F3-D8B3-1074-9772-F459DACA0A6E}.Release|Any CPU.ActiveCfg = Release|Any CPU
		{C835D7F3-D8B3-1074-9772-F459DACA0A6E}.Release|Any CPU.Build.0 = Release|Any CPU
		{5EF0ED37-3294-6DF8-032E-7F377277A782}.Debug|Any CPU.ActiveCfg = Debug|Any CPU
		{5EF0ED37-3294-6DF8-032E-7F377277A782}.Debug|Any CPU.Build.0 = Debug|Any CPU
		{5EF0ED37-3294-6DF8-032E-7F377277A782}.Release|Any CPU.ActiveCfg = Release|Any CPU
		{5EF0ED37-3294-6DF8-032E-7F377277A782}.Release|Any CPU.Build.0 = Release|Any CPU
		{DD3679B9-B19F-17D7-3C70-5A61D39A342E}.Debug|Any CPU.ActiveCfg = Debug|Any CPU
		{DD3679B9-B19F-17D7-3C70-5A61D39A342E}.Debug|Any CPU.Build.0 = Debug|Any CPU
		{DD3679B9-B19F-17D7-3C70-5A61D39A342E}.Release|Any CPU.ActiveCfg = Release|Any CPU
		{DD3679B9-B19F-17D7-3C70-5A61D39A342E}.Release|Any CPU.Build.0 = Release|Any CPU
		{9E36A0AC-AE22-3AE5-E929-374A4E5CCC7D}.Debug|Any CPU.ActiveCfg = Debug|Any CPU
		{9E36A0AC-AE22-3AE5-E929-374A4E5CCC7D}.Debug|Any CPU.Build.0 = Debug|Any CPU
		{9E36A0AC-AE22-3AE5-E929-374A4E5CCC7D}.Release|Any CPU.ActiveCfg = Release|Any CPU
		{9E36A0AC-AE22-3AE5-E929-374A4E5CCC7D}.Release|Any CPU.Build.0 = Release|Any CPU
		{293B2FB3-3E8B-B7CE-CBF4-F9A26CB162C1}.Debug|Any CPU.ActiveCfg = Debug|Any CPU
		{293B2FB3-3E8B-B7CE-CBF4-F9A26CB162C1}.Debug|Any CPU.Build.0 = Debug|Any CPU
		{293B2FB3-3E8B-B7CE-CBF4-F9A26CB162C1}.Release|Any CPU.ActiveCfg = Release|Any CPU
		{293B2FB3-3E8B-B7CE-CBF4-F9A26CB162C1}.Release|Any CPU.Build.0 = Release|Any CPU
		{27FD2673-5017-CB7E-76A6-FD9F96E3935B}.Debug|Any CPU.ActiveCfg = Debug|Any CPU
		{27FD2673-5017-CB7E-76A6-FD9F96E3935B}.Debug|Any CPU.Build.0 = Debug|Any CPU
		{27FD2673-5017-CB7E-76A6-FD9F96E3935B}.Release|Any CPU.ActiveCfg = Release|Any CPU
		{27FD2673-5017-CB7E-76A6-FD9F96E3935B}.Release|Any CPU.Build.0 = Release|Any CPU
		{F8CD8503-3F23-BF7B-99AB-6F38DC4649AF}.Debug|Any CPU.ActiveCfg = Debug|Any CPU
		{F8CD8503-3F23-BF7B-99AB-6F38DC4649AF}.Debug|Any CPU.Build.0 = Debug|Any CPU
		{F8CD8503-3F23-BF7B-99AB-6F38DC4649AF}.Release|Any CPU.ActiveCfg = Release|Any CPU
		{F8CD8503-3F23-BF7B-99AB-6F38DC4649AF}.Release|Any CPU.Build.0 = Release|Any CPU
		{67DF9ED2-D129-E442-D9A4-EF94BF989AF6}.Debug|Any CPU.ActiveCfg = Debug|Any CPU
		{67DF9ED2-D129-E442-D9A4-EF94BF989AF6}.Debug|Any CPU.Build.0 = Debug|Any CPU
		{67DF9ED2-D129-E442-D9A4-EF94BF989AF6}.Release|Any CPU.ActiveCfg = Release|Any CPU
		{67DF9ED2-D129-E442-D9A4-EF94BF989AF6}.Release|Any CPU.Build.0 = Release|Any CPU
		{11D97BF3-D618-C096-A8C2-1EAE4DAC96CC}.Debug|Any CPU.ActiveCfg = Debug|Any CPU
		{11D97BF3-D618-C096-A8C2-1EAE4DAC96CC}.Debug|Any CPU.Build.0 = Debug|Any CPU
		{11D97BF3-D618-C096-A8C2-1EAE4DAC96CC}.Release|Any CPU.ActiveCfg = Release|Any CPU
		{11D97BF3-D618-C096-A8C2-1EAE4DAC96CC}.Release|Any CPU.Build.0 = Release|Any CPU
		{63E7BC18-FC63-F81F-921B-B82D05463384}.Debug|Any CPU.ActiveCfg = Debug|Any CPU
		{63E7BC18-FC63-F81F-921B-B82D05463384}.Debug|Any CPU.Build.0 = Debug|Any CPU
		{63E7BC18-FC63-F81F-921B-B82D05463384}.Release|Any CPU.ActiveCfg = Release|Any CPU
		{63E7BC18-FC63-F81F-921B-B82D05463384}.Release|Any CPU.Build.0 = Release|Any CPU
		{EFE53612-BE89-4C08-7F3A-8B532F8C302F}.Debug|Any CPU.ActiveCfg = Debug|Any CPU
		{EFE53612-BE89-4C08-7F3A-8B532F8C302F}.Debug|Any CPU.Build.0 = Debug|Any CPU
		{EFE53612-BE89-4C08-7F3A-8B532F8C302F}.Release|Any CPU.ActiveCfg = Release|Any CPU
		{EFE53612-BE89-4C08-7F3A-8B532F8C302F}.Release|Any CPU.Build.0 = Release|Any CPU
		{9720A284-7CE6-31D0-1938-53DA70335A7D}.Debug|Any CPU.ActiveCfg = Debug|Any CPU
		{9720A284-7CE6-31D0-1938-53DA70335A7D}.Debug|Any CPU.Build.0 = Debug|Any CPU
		{9720A284-7CE6-31D0-1938-53DA70335A7D}.Release|Any CPU.ActiveCfg = Release|Any CPU
		{9720A284-7CE6-31D0-1938-53DA70335A7D}.Release|Any CPU.Build.0 = Release|Any CPU
		{3A532397-6DDF-1AB9-6DFD-88861533B655}.Debug|Any CPU.ActiveCfg = Debug|Any CPU
		{3A532397-6DDF-1AB9-6DFD-88861533B655}.Debug|Any CPU.Build.0 = Debug|Any CPU
		{3A532397-6DDF-1AB9-6DFD-88861533B655}.Release|Any CPU.ActiveCfg = Release|Any CPU
		{3A532397-6DDF-1AB9-6DFD-88861533B655}.Release|Any CPU.Build.0 = Release|Any CPU
		{E983BF2A-CE63-79B8-FC0E-8B0680E887A2}.Debug|Any CPU.ActiveCfg = Debug|Any CPU
		{E983BF2A-CE63-79B8-FC0E-8B0680E887A2}.Debug|Any CPU.Build.0 = Debug|Any CPU
		{E983BF2A-CE63-79B8-FC0E-8B0680E887A2}.Release|Any CPU.ActiveCfg = Release|Any CPU
		{E983BF2A-CE63-79B8-FC0E-8B0680E887A2}.Release|Any CPU.Build.0 = Release|Any CPU
		{5A829AFE-AF54-F3CC-BFDE-102B10CE5ED8}.Debug|Any CPU.ActiveCfg = Debug|Any CPU
		{5A829AFE-AF54-F3CC-BFDE-102B10CE5ED8}.Debug|Any CPU.Build.0 = Debug|Any CPU
		{5A829AFE-AF54-F3CC-BFDE-102B10CE5ED8}.Release|Any CPU.ActiveCfg = Release|Any CPU
		{5A829AFE-AF54-F3CC-BFDE-102B10CE5ED8}.Release|Any CPU.Build.0 = Release|Any CPU
		{BC02EB5B-5D65-DD03-D1D6-C7D044AED9BB}.Debug|Any CPU.ActiveCfg = Debug|Any CPU
		{BC02EB5B-5D65-DD03-D1D6-C7D044AED9BB}.Debug|Any CPU.Build.0 = Debug|Any CPU
		{BC02EB5B-5D65-DD03-D1D6-C7D044AED9BB}.Release|Any CPU.ActiveCfg = Release|Any CPU
		{BC02EB5B-5D65-DD03-D1D6-C7D044AED9BB}.Release|Any CPU.Build.0 = Release|Any CPU
		{17A29578-2635-980A-A9EC-BD0C73802E06}.Debug|Any CPU.ActiveCfg = Debug|Any CPU
		{17A29578-2635-980A-A9EC-BD0C73802E06}.Debug|Any CPU.Build.0 = Debug|Any CPU
		{17A29578-2635-980A-A9EC-BD0C73802E06}.Release|Any CPU.ActiveCfg = Release|Any CPU
		{17A29578-2635-980A-A9EC-BD0C73802E06}.Release|Any CPU.Build.0 = Release|Any CPU
		{4EAEFF76-68C5-29D6-29AD-DCE10A64B158}.Debug|Any CPU.ActiveCfg = Debug|Any CPU
		{4EAEFF76-68C5-29D6-29AD-DCE10A64B158}.Debug|Any CPU.Build.0 = Debug|Any CPU
		{4EAEFF76-68C5-29D6-29AD-DCE10A64B158}.Release|Any CPU.ActiveCfg = Release|Any CPU
		{4EAEFF76-68C5-29D6-29AD-DCE10A64B158}.Release|Any CPU.Build.0 = Release|Any CPU
		{F21B0B58-AD92-43EA-95E2-9639A1A1E199}.Debug|Any CPU.ActiveCfg = Debug|Any CPU
		{F21B0B58-AD92-43EA-95E2-9639A1A1E199}.Debug|Any CPU.Build.0 = Debug|Any CPU
		{F21B0B58-AD92-43EA-95E2-9639A1A1E199}.Release|Any CPU.ActiveCfg = Release|Any CPU
		{F21B0B58-AD92-43EA-95E2-9639A1A1E199}.Release|Any CPU.Build.0 = Release|Any CPU
		{D3954981-D2EF-1BD2-2F52-EC847D9BC3C7}.Debug|Any CPU.ActiveCfg = Debug|Any CPU
		{D3954981-D2EF-1BD2-2F52-EC847D9BC3C7}.Debug|Any CPU.Build.0 = Debug|Any CPU
		{D3954981-D2EF-1BD2-2F52-EC847D9BC3C7}.Release|Any CPU.ActiveCfg = Release|Any CPU
		{D3954981-D2EF-1BD2-2F52-EC847D9BC3C7}.Release|Any CPU.Build.0 = Release|Any CPU
		{0BC954D4-1320-C133-0606-045CB58C659B}.Debug|Any CPU.ActiveCfg = Debug|Any CPU
		{0BC954D4-1320-C133-0606-045CB58C659B}.Debug|Any CPU.Build.0 = Debug|Any CPU
		{0BC954D4-1320-C133-0606-045CB58C659B}.Release|Any CPU.ActiveCfg = Release|Any CPU
		{0BC954D4-1320-C133-0606-045CB58C659B}.Release|Any CPU.Build.0 = Release|Any CPU
		{294C5862-07D0-1390-2CF5-D3C2E7293786}.Debug|Any CPU.ActiveCfg = Debug|Any CPU
		{294C5862-07D0-1390-2CF5-D3C2E7293786}.Debug|Any CPU.Build.0 = Debug|Any CPU
		{294C5862-07D0-1390-2CF5-D3C2E7293786}.Release|Any CPU.ActiveCfg = Release|Any CPU
		{294C5862-07D0-1390-2CF5-D3C2E7293786}.Release|Any CPU.Build.0 = Release|Any CPU
		{49AB4118-8EF7-196F-D6AA-193B1496BFF4}.Debug|Any CPU.ActiveCfg = Debug|Any CPU
		{49AB4118-8EF7-196F-D6AA-193B1496BFF4}.Debug|Any CPU.Build.0 = Debug|Any CPU
		{49AB4118-8EF7-196F-D6AA-193B1496BFF4}.Release|Any CPU.ActiveCfg = Release|Any CPU
		{49AB4118-8EF7-196F-D6AA-193B1496BFF4}.Release|Any CPU.Build.0 = Release|Any CPU
		{7ABD3917-C95E-62AE-9ED9-74D0C19DFA0B}.Debug|Any CPU.ActiveCfg = Debug|Any CPU
		{7ABD3917-C95E-62AE-9ED9-74D0C19DFA0B}.Debug|Any CPU.Build.0 = Debug|Any CPU
		{7ABD3917-C95E-62AE-9ED9-74D0C19DFA0B}.Release|Any CPU.ActiveCfg = Release|Any CPU
		{7ABD3917-C95E-62AE-9ED9-74D0C19DFA0B}.Release|Any CPU.Build.0 = Release|Any CPU
		{73AF4B14-979A-D28A-2C47-A6C5F92FA17F}.Debug|Any CPU.ActiveCfg = Debug|Any CPU
		{73AF4B14-979A-D28A-2C47-A6C5F92FA17F}.Debug|Any CPU.Build.0 = Debug|Any CPU
		{73AF4B14-979A-D28A-2C47-A6C5F92FA17F}.Release|Any CPU.ActiveCfg = Release|Any CPU
		{73AF4B14-979A-D28A-2C47-A6C5F92FA17F}.Release|Any CPU.Build.0 = Release|Any CPU
		{6697C465-EEBB-FB2A-CFA9-16D7009A5A68}.Debug|Any CPU.ActiveCfg = Debug|Any CPU
		{6697C465-EEBB-FB2A-CFA9-16D7009A5A68}.Debug|Any CPU.Build.0 = Debug|Any CPU
		{6697C465-EEBB-FB2A-CFA9-16D7009A5A68}.Release|Any CPU.ActiveCfg = Release|Any CPU
		{6697C465-EEBB-FB2A-CFA9-16D7009A5A68}.Release|Any CPU.Build.0 = Release|Any CPU
		{F10C4CF2-BA70-5E35-0A4C-6AE7E0EC53BC}.Debug|Any CPU.ActiveCfg = Debug|Any CPU
		{F10C4CF2-BA70-5E35-0A4C-6AE7E0EC53BC}.Debug|Any CPU.Build.0 = Debug|Any CPU
		{F10C4CF2-BA70-5E35-0A4C-6AE7E0EC53BC}.Release|Any CPU.ActiveCfg = Release|Any CPU
		{F10C4CF2-BA70-5E35-0A4C-6AE7E0EC53BC}.Release|Any CPU.Build.0 = Release|Any CPU
		{3C725C1D-0E78-C407-3C79-32AA8EAF4016}.Debug|Any CPU.ActiveCfg = Debug|Any CPU
		{3C725C1D-0E78-C407-3C79-32AA8EAF4016}.Debug|Any CPU.Build.0 = Debug|Any CPU
		{3C725C1D-0E78-C407-3C79-32AA8EAF4016}.Release|Any CPU.ActiveCfg = Release|Any CPU
		{3C725C1D-0E78-C407-3C79-32AA8EAF4016}.Release|Any CPU.Build.0 = Release|Any CPU
		{CBE3D353-A2F1-01C5-6962-7903E2898734}.Debug|Any CPU.ActiveCfg = Debug|Any CPU
		{CBE3D353-A2F1-01C5-6962-7903E2898734}.Debug|Any CPU.Build.0 = Debug|Any CPU
		{CBE3D353-A2F1-01C5-6962-7903E2898734}.Release|Any CPU.ActiveCfg = Release|Any CPU
		{CBE3D353-A2F1-01C5-6962-7903E2898734}.Release|Any CPU.Build.0 = Release|Any CPU
		{46B48612-3223-285B-FF67-843AA273E734}.Debug|Any CPU.ActiveCfg = Debug|Any CPU
		{46B48612-3223-285B-FF67-843AA273E734}.Debug|Any CPU.Build.0 = Debug|Any CPU
		{46B48612-3223-285B-FF67-843AA273E734}.Release|Any CPU.ActiveCfg = Release|Any CPU
		{46B48612-3223-285B-FF67-843AA273E734}.Release|Any CPU.Build.0 = Release|Any CPU
		{5DCBF3EC-DBD6-3FEB-8D27-C22B90B523C0}.Debug|Any CPU.ActiveCfg = Debug|Any CPU
		{5DCBF3EC-DBD6-3FEB-8D27-C22B90B523C0}.Debug|Any CPU.Build.0 = Debug|Any CPU
		{5DCBF3EC-DBD6-3FEB-8D27-C22B90B523C0}.Release|Any CPU.ActiveCfg = Release|Any CPU
		{5DCBF3EC-DBD6-3FEB-8D27-C22B90B523C0}.Release|Any CPU.Build.0 = Release|Any CPU
		{E503875D-394F-9551-25AD-42D2B530F04A}.Debug|Any CPU.ActiveCfg = Debug|Any CPU
		{E503875D-394F-9551-25AD-42D2B530F04A}.Debug|Any CPU.Build.0 = Debug|Any CPU
		{E503875D-394F-9551-25AD-42D2B530F04A}.Release|Any CPU.ActiveCfg = Release|Any CPU
		{E503875D-394F-9551-25AD-42D2B530F04A}.Release|Any CPU.Build.0 = Release|Any CPU
		{9365269C-FB46-73CC-BC42-9B0FFD9766EB}.Debug|Any CPU.ActiveCfg = Debug|Any CPU
		{9365269C-FB46-73CC-BC42-9B0FFD9766EB}.Debug|Any CPU.Build.0 = Debug|Any CPU
		{9365269C-FB46-73CC-BC42-9B0FFD9766EB}.Release|Any CPU.ActiveCfg = Release|Any CPU
		{9365269C-FB46-73CC-BC42-9B0FFD9766EB}.Release|Any CPU.Build.0 = Release|Any CPU
		{1093CBDF-AC6D-7FC2-13F8-1F1637DA4A92}.Debug|Any CPU.ActiveCfg = Debug|Any CPU
		{1093CBDF-AC6D-7FC2-13F8-1F1637DA4A92}.Debug|Any CPU.Build.0 = Debug|Any CPU
		{1093CBDF-AC6D-7FC2-13F8-1F1637DA4A92}.Release|Any CPU.ActiveCfg = Release|Any CPU
		{1093CBDF-AC6D-7FC2-13F8-1F1637DA4A92}.Release|Any CPU.Build.0 = Release|Any CPU
		{AE554C53-5FF4-9F8F-8D76-EBA503174421}.Debug|Any CPU.ActiveCfg = Debug|Any CPU
		{AE554C53-5FF4-9F8F-8D76-EBA503174421}.Debug|Any CPU.Build.0 = Debug|Any CPU
		{AE554C53-5FF4-9F8F-8D76-EBA503174421}.Release|Any CPU.ActiveCfg = Release|Any CPU
		{AE554C53-5FF4-9F8F-8D76-EBA503174421}.Release|Any CPU.Build.0 = Release|Any CPU
		{6E5FADBD-1568-0C3C-2F8E-D778EEDB7B34}.Debug|Any CPU.ActiveCfg = Debug|Any CPU
		{6E5FADBD-1568-0C3C-2F8E-D778EEDB7B34}.Debug|Any CPU.Build.0 = Debug|Any CPU
		{6E5FADBD-1568-0C3C-2F8E-D778EEDB7B34}.Release|Any CPU.ActiveCfg = Release|Any CPU
		{6E5FADBD-1568-0C3C-2F8E-D778EEDB7B34}.Release|Any CPU.Build.0 = Release|Any CPU
		{63C563AD-E0CE-C576-F30B-453C5A2E0C57}.Debug|Any CPU.ActiveCfg = Debug|Any CPU
		{63C563AD-E0CE-C576-F30B-453C5A2E0C57}.Debug|Any CPU.Build.0 = Debug|Any CPU
		{63C563AD-E0CE-C576-F30B-453C5A2E0C57}.Release|Any CPU.ActiveCfg = Release|Any CPU
		{63C563AD-E0CE-C576-F30B-453C5A2E0C57}.Release|Any CPU.Build.0 = Release|Any CPU
		{005E57EC-77EE-966F-5CFC-142A4F737F16}.Debug|Any CPU.ActiveCfg = Debug|Any CPU
		{005E57EC-77EE-966F-5CFC-142A4F737F16}.Debug|Any CPU.Build.0 = Debug|Any CPU
		{005E57EC-77EE-966F-5CFC-142A4F737F16}.Release|Any CPU.ActiveCfg = Release|Any CPU
		{005E57EC-77EE-966F-5CFC-142A4F737F16}.Release|Any CPU.Build.0 = Release|Any CPU
		{48BBD7D4-CE56-55E2-22D9-84927167B814}.Debug|Any CPU.ActiveCfg = Debug|Any CPU
		{48BBD7D4-CE56-55E2-22D9-84927167B814}.Debug|Any CPU.Build.0 = Debug|Any CPU
		{48BBD7D4-CE56-55E2-22D9-84927167B814}.Release|Any CPU.ActiveCfg = Release|Any CPU
		{48BBD7D4-CE56-55E2-22D9-84927167B814}.Release|Any CPU.Build.0 = Release|Any CPU
		{D6DBB4D2-A8C1-DF67-C756-562930D5D65E}.Debug|Any CPU.ActiveCfg = Debug|Any CPU
		{D6DBB4D2-A8C1-DF67-C756-562930D5D65E}.Debug|Any CPU.Build.0 = Debug|Any CPU
		{D6DBB4D2-A8C1-DF67-C756-562930D5D65E}.Release|Any CPU.ActiveCfg = Release|Any CPU
		{D6DBB4D2-A8C1-DF67-C756-562930D5D65E}.Release|Any CPU.Build.0 = Release|Any CPU
		{6820E35A-97BC-81C3-1850-96B3E32F8C99}.Debug|Any CPU.ActiveCfg = Debug|Any CPU
		{6820E35A-97BC-81C3-1850-96B3E32F8C99}.Debug|Any CPU.Build.0 = Debug|Any CPU
		{6820E35A-97BC-81C3-1850-96B3E32F8C99}.Release|Any CPU.ActiveCfg = Release|Any CPU
		{6820E35A-97BC-81C3-1850-96B3E32F8C99}.Release|Any CPU.Build.0 = Release|Any CPU
	EndGlobalSection
	GlobalSection(SolutionProperties) = preSolution
		HideSolutionNode = FALSE
	EndGlobalSection
EndGlobal
