
Microsoft Visual Studio Solution File, Format Version 12.00
# Visual Studio 15
Project("{FAE04EC0-301F-11D3-BF4B-00C04F79EFBC}") = "Assembly-CSharp", "Assembly-CSharp.csproj", "{2F1748C7-DC56-BD7F-DBB5-8E4585C341AD}"
EndProject
Project("{FAE04EC0-301F-11D3-BF4B-00C04F79EFBC}") = "Unity.XR.Management.Samples.Editor", "Unity.XR.Management.Samples.Editor.csproj", "{AE554C53-5FF4-9F8F-8D76-EBA503174421}"
EndProject
Project("{FAE04EC0-301F-11D3-BF4B-00C04F79EFBC}") = "Unity.XR.Management.Samples", "Unity.XR.Management.Samples.csproj", "{BC02EB5B-5D65-DD03-D1D6-C7D044AED9BB}"
EndProject
Global
	GlobalSection(SolutionConfigurationPlatforms) = preSolution
		Debug|Any CPU = Debug|Any CPU
		Release|Any CPU = Release|Any CPU
	EndGlobalSection
	GlobalSection(ProjectConfigurationPlatforms) = postSolution
		{2F1748C7-DC56-BD7F-DBB5-8E4585C341AD}.Debug|Any CPU.ActiveCfg = Debug|Any CPU
		{2F1748C7-DC56-BD7F-DBB5-8E4585C341AD}.Debug|Any CPU.Build.0 = Debug|Any CPU
		{2F1748C7-DC56-BD7F-DBB5-8E4585C341AD}.Release|Any CPU.ActiveCfg = Release|Any CPU
		{2F1748C7-DC56-BD7F-DBB5-8E4585C341AD}.Release|Any CPU.Build.0 = Release|Any CPU
		{AE554C53-5FF4-9F8F-8D76-EBA503174421}.Debug|Any CPU.ActiveCfg = Debug|Any CPU
		{AE554C53-5FF4-9F8F-8D76-EBA503174421}.Debug|Any CPU.Build.0 = Debug|Any CPU
		{AE554C53-5FF4-9F8F-8D76-EBA503174421}.Release|Any CPU.ActiveCfg = Release|Any CPU
		{AE554C53-5FF4-9F8F-8D76-EBA503174421}.Release|Any CPU.Build.0 = Release|Any CPU
		{BC02EB5B-5D65-DD03-D1D6-C7D044AED9BB}.Debug|Any CPU.ActiveCfg = Debug|Any CPU
		{BC02EB5B-5D65-DD03-D1D6-C7D044AED9BB}.Debug|Any CPU.Build.0 = Debug|Any CPU
		{BC02EB5B-5D65-DD03-D1D6-C7D044AED9BB}.Release|Any CPU.ActiveCfg = Release|Any CPU
		{BC02EB5B-5D65-DD03-D1D6-C7D044AED9BB}.Release|Any CPU.Build.0 = Release|Any CPU
	EndGlobalSection
	GlobalSection(SolutionProperties) = preSolution
		HideSolutionNode = FALSE
	EndGlobalSection
EndGlobal
